PODS:
  - AFNetworking (4.0.1):
    - AFNetworking/NSURLSession (= 4.0.1)
    - AFNetworking/Reachability (= 4.0.1)
    - AFNetworking/Security (= 4.0.1)
    - AFNetworking/Serialization (= 4.0.1)
    - AFNetworking/UIKit (= 4.0.1)
  - AFNetworking/NSURLSession (4.0.1):
    - AFNetworking/Reachability
    - AFNetworking/Security
    - AFNetworking/Serialization
  - AFNetworking/Reachability (4.0.1)
  - AFNetworking/Security (4.0.1)
  - AFNetworking/Serialization (4.0.1)
  - AFNetworking/UIKit (4.0.1):
    - AFNetworking/NSURLSession
  - FBSnapshotTestCase (2.1.4):
    - FBSnapshotTestCase/SwiftSupport (= 2.1.4)
  - FBSnapshotTestCase/Core (2.1.4)
  - FBSnapshotTestCase/SwiftSupport (2.1.4):
    - FBSnapshotTestCase/Core
  - LGHCommonUIModule (0.1.0):
    - AFNetworking (~> 4.0.1)
    - LGHMacroAndCategoryModule
    - Masonry
  - LGHMacroAndCategoryModule (0.1.0)
  - Masonry (1.1.0)

DEPENDENCIES:
  - FBSnapshotTestCase
  - LGHCommonUIModule (from `../`)
  - LGHMacroAndCategoryModule (from `../../LGHMacroAndCategoryModule`)

SPEC REPOS:
  trunk:
    - AFNetworking
    - FBSnapshotTestCase
    - Masonry

EXTERNAL SOURCES:
  LGHCommonUIModule:
    :path: "../"
  LGHMacroAndCategoryModule:
    :path: "../../LGHMacroAndCategoryModule"

SPEC CHECKSUMS:
  AFNetworking: 7864c38297c79aaca1500c33288e429c3451fdce
  FBSnapshotTestCase: 094f9f314decbabe373b87cc339bea235a63e07a
  LGHCommonUIModule: fd8e4d483ef4938cef087c7c6607141e48a5e6f0
  LGHMacroAndCategoryModule: 8b068756c95c2dc1dd55f03c64e027cc5e872fc5
  Masonry: 678fab65091a9290e40e2832a55e7ab731aad201

PODFILE CHECKSUM: 39b61cc100537d36a3b4149042ca867c889d59af

COCOAPODS: 1.10.0
