PODS:
  - CTMediator (44)
  - FBSnapshotTestCase (2.1.4):
    - FBSnapshotTestCase/SwiftSupport (= 2.1.4)
  - FBSnapshotTestCase/Core (2.1.4)
  - FBSnapshotTestCase/SwiftSupport (2.1.4):
    - FBSnapshotTestCase/Core
  - FDFullscreenPopGesture (1.1)
  - LGHWebViewModule (0.1.0):
    - CTMediator
    - FDFullscreenPopGesture
    - Masonry
  - Masonry (1.1.0)

DEPENDENCIES:
  - FBSnapshotTestCase
  - LGHWebViewModule (from `../`)

SPEC REPOS:
  trunk:
    - CTMediator
    - FBSnapshotTestCase
    - FDFullscreenPopGesture
    - Masonry

EXTERNAL SOURCES:
  LGHWebViewModule:
    :path: "../"

SPEC CHECKSUMS:
  CTMediator: 933dba523da87bf875e4a7e8728945fbc512f1d2
  FBSnapshotTestCase: 094f9f314decbabe373b87cc339bea235a63e07a
  FDFullscreenPopGesture: a8a620179e3d9c40e8e00256dcee1c1a27c6d0f0
  LGHWebViewModule: 804397c307987eb36ea7379fbb069f4a7fd78463
  Masonry: 678fab65091a9290e40e2832a55e7ab731aad201

PODFILE CHECKSUM: 2527e5963930a881531f8f0cffd661a838ae0f43

COCOAPODS: 1.9.1
